<?xml version="1.0" encoding="UTF-8" standalone="yes" ?>
<CodeBlocks_project_file>
	<FileVersion major="1" minor="6" />
	<Project>
		<Option title="microsoft" />
		<Option pch_mode="2" />
		<Option compiler="gcc" />
		<Build>
			<Target title="Debug">
				<Option output="bin/Debug/microsoft" prefix_auto="1" extension_auto="1" />
				<Option object_output="obj/Debug/" />
				<Option type="1" />
				<Option compiler="gcc" />
				<Compiler>
					<Add option="-g" />
				</Compiler>
			</Target>
			<Target title="Release">
				<Option output="bin/Release/microsoft" prefix_auto="1" extension_auto="1" />
				<Option object_output="obj/Release/" />
				<Option type="1" />
				<Option compiler="gcc" />
				<Compiler>
					<Add option="-O2" />
				</Compiler>
				<Linker>
					<Add option="-s" />
				</Linker>
			</Target>
		</Build>
		<Compiler>
			<Add option="-Wall" />
		</Compiler>
		<Unit filename="binarynumbermultipleof3.c">
			<Option compilerVar="CC" />
		</Unit>
		<Unit filename="checkforbst.c">
			<Option compilerVar="CC" />
		</Unit>
		<Unit filename="convertbinarytreetomirrortree.c">
			<Option compilerVar="CC" />
		</Unit>
		<Unit filename="findingmiddleelementinlikenlist.c">
			<Option compilerVar="CC" />
		</Unit>
		<Unit filename="ifidenticaltrees.c">
			<Option compilerVar="CC" />
		</Unit>
		<Unit filename="kadanesalgorithm.c">
			<Option compilerVar="CC" />
		</Unit>
		<Unit filename="keypair.c">
			<Option compilerVar="CC" />
		</Unit>
		<Unit filename="klargestelements.c">
			<Option compilerVar="CC" />
		</Unit>
		<Unit filename="longestevenlengthsubstring.c">
			<Option compilerVar="CC" />
		</Unit>
		<Unit filename="main.c">
			<Option compilerVar="CC" />
		</Unit>
		<Unit filename="majorityelement.c">
			<Option compilerVar="CC" />
		</Unit>
		<Unit filename="merge2sortedlinkedlistinreverseorder.c">
			<Option compilerVar="CC" />
		</Unit>
		<Unit filename="missingnumerinarray.c">
			<Option compilerVar="CC" />
		</Unit>
		<Unit filename="removeeveryknode.c">
			<Option compilerVar="CC" />
		</Unit>
		<Unit filename="reversealinkedlist.c">
			<Option compilerVar="CC" />
		</Unit>
		<Unit filename="roottoleafpathsum.c">
			<Option compilerVar="CC" />
		</Unit>
		<Unit filename="searchinrotatedarray.c">
			<Option compilerVar="CC" />
		</Unit>
		<Extensions>
			<code_completion />
			<envvars />
			<debugger />
			<lib_finder disable_auto="1" />
		</Extensions>
	</Project>
</CodeBlocks_project_file>
